
Microsoft Visual Studio Solution File, Format Version 12.00
# Visual Studio Version 16
VisualStudioVersion = 16.0.29306.81
MinimumVisualStudioVersion = 10.0.40219.1
Project("{FAE04EC0-301F-11D3-BF4B-00C04F79EFBC}") = "LoginTest", "LoginTest\LoginTest.csproj", "{374B4746-99BD-4AD4-8650-8425D99C85E5}"
EndProject
Global
	GlobalSection(SolutionConfigurationPlatforms) = preSolution
		Debug|Any CPU = Debug|Any CPU
		Release|Any CPU = Release|Any CPU
	EndGlobalSection
	GlobalSection(ProjectConfigurationPlatforms) = postSolution
		{374B4746-99BD-4AD4-8650-8425D99C85E5}.Debug|Any CPU.ActiveCfg = Debug|Any CPU
		{374B4746-99BD-4AD4-8650-8425D99C85E5}.Debug|Any CPU.Build.0 = Debug|Any CPU
		{374B4746-99BD-4AD4-8650-8425D99C85E5}.Release|Any CPU.ActiveCfg = Release|Any CPU
		{374B4746-99BD-4AD4-8650-8425D99C85E5}.Release|Any CPU.Build.0 = Release|Any CPU
	EndGlobalSection
	GlobalSection(SolutionProperties) = preSolution
		HideSolutionNode = FALSE
	EndGlobalSection
	GlobalSection(ExtensibilityGlobals) = postSolution
		SolutionGuid = {694B6099-180F-4292-A19B-680A8286B229}
	EndGlobalSection
EndGlobal
